
Microsoft Visual Studio Solution File, Format Version 12.00
Project("{FAE04EC0-301F-11D3-BF4B-00C04F79EFBC}") = "KafkaTools", "KafkaTools.csproj", "{21A4F7E8-D40F-4BB3-86CF-5FD449B61835}"
EndProject
Global
	GlobalSection(SolutionConfigurationPlatforms) = preSolution
		Debug|Any CPU = Debug|Any CPU
		Release|Any CPU = Release|Any CPU
	EndGlobalSection
	GlobalSection(ProjectConfigurationPlatforms) = postSolution
		{21A4F7E8-D40F-4BB3-86CF-5FD449B61835}.Debug|Any CPU.ActiveCfg = Debug|Any CPU
		{21A4F7E8-D40F-4BB3-86CF-5FD449B61835}.Debug|Any CPU.Build.0 = Debug|Any CPU
		{21A4F7E8-D40F-4BB3-86CF-5FD449B61835}.Release|Any CPU.ActiveCfg = Release|Any CPU
		{21A4F7E8-D40F-4BB3-86CF-5FD449B61835}.Release|Any CPU.Build.0 = Release|Any CPU
	EndGlobalSection
EndGlobal
